# THIS IS AN AUTOGENERATED FILE. DO NOT EDIT THIS FILE DIRECTLY.
# yarn lockfile v1


"@types/p5@^0.9.1":
  version "0.9.1"
  resolved "https://registry.yarnpkg.com/@types/p5/-/p5-0.9.1.tgz#920c6cd6ee30b5d9e5cc04cb9b11bb762c333bc5"
  integrity sha512-4glOKdqdBiRWDFZwi/MjHudPV2U4t2L4fTTSacGapfFxyNXzZcAshAjqmrJkCIZcFlhRBEAL7AM95xRDMfrIwg==

minimist@^1.2.0:
  version "1.2.5"
  resolved "https://registry.yarnpkg.com/minimist/-/minimist-1.2.5.tgz#67d66014b66a6a8aaa0c083c5fd58df4e4e97602"
  integrity sha512-FM9nNUYrRBAELZQT3xeZQ7fmMOBg6nWNmJKTcgsJeaLstP/UODVpGsr5OhXhhXg6f+qtJ8uiZ+PUxkDWcgIXLw==

p5@^1.3.1:
  version "1.3.1"
  resolved "https://registry.yarnpkg.com/p5/-/p5-1.3.1.tgz#7a6021bf2a42974cef71501c56e5b2120f5a2de1"
  integrity sha512-g7W2htgEwiAEGcl0WHccAJKbunUJwrUojUSR9+KihphJ33p5VpDdh1K8pDx4ppYjOr/lVEXaZ1XXDj27nwlNOg==

push-dir@^0.4.1:
  version "0.4.1"
  resolved "https://registry.yarnpkg.com/push-dir/-/push-dir-0.4.1.tgz#29481eacd9c2106bbb7941db6d37d122a071ecb4"
  integrity sha1-KUgerNnCEGu7eUHbbTfRIqBx7LQ=
  dependencies:
    minimist "^1.2.0"

typescript@^4.3.2:
  version "4.3.2"
  resolved "https://registry.yarnpkg.com/typescript/-/typescript-4.3.2.tgz#399ab18aac45802d6f2498de5054fcbbe716a805"
  integrity sha512-zZ4hShnmnoVnAHpVHWpTcxdv7dWP60S2FsydQLV8V5PbS3FifjWFFRiHSWpDJahly88PRyV5teTSLoq4eG7mKw==
